// !$*UTF8*$!
{
	archiveVersion = 1;
	classes = {
	};
	objectVersion = 46;
	objects = {

/* Begin PBXBuildFile section */
		046462861E39E7A400C8817F /* OpenGL.framework in Frameworks */ = {isa = PBXBuildFile; fileRef = 046462851E39E7A400C8817F /* OpenGL.framework */; };
		046462881E39E84A00C8817F /* libglfw.3.2.dylib in Frameworks */ = {isa = PBXBuildFile; fileRef = 046462871E39E84A00C8817F /* libglfw.3.2.dylib */; };
		0464628A1E39E85C00C8817F /* libGLEW.2.0.0.dylib in Frameworks */ = {isa = PBXBuildFile; fileRef = 046462891E39E85C00C8817F /* libGLEW.2.0.0.dylib */; };
		04C742891E39EF4500D6DD29 /* main.cpp in Sources */ = {isa = PBXBuildFile; fileRef = 04C742881E39EF4500D6DD29 /* main.cpp */; };
		1A5765F947B52A35B9B8A92D /* Application.cpp in Sources */ = {isa = PBXBuildFile; fileRef = 1A576B0F182FBA8C48E573B6 /* Application.cpp */; };
		1A576E08AB8A30EC02D01A1B /* Renderer.cpp in Sources */ = {isa = PBXBuildFile; fileRef = 1A576558C4B13BEFF67FC0B1 /* Renderer.cpp */; };
		1A576E5537B93321BCA5BB03 /* CubeRenderer.cpp in Sources */ = {isa = PBXBuildFile; fileRef = 1A57635BB0B9DDFDDB57C961 /* CubeRenderer.cpp */; };
		1A576EE4106ACBD85E890216 /* ShaderBuilder.cpp in Sources */ = {isa = PBXBuildFile; fileRef = 1A5767892582B88C1F5D10F7 /* ShaderBuilder.cpp */; };
/* End PBXBuildFile section */

/* Begin PBXCopyFilesBuildPhase section */
		046462781E39E63900C8817F /* CopyFiles */ = {
			isa = PBXCopyFilesBuildPhase;
			buildActionMask = 2147483647;
			dstPath = /usr/share/man/man1/;
			dstSubfolderSpec = 0;
			files = (
			);
			runOnlyForDeploymentPostprocessing = 1;
		};
/* End PBXCopyFilesBuildPhase section */

/* Begin PBXFileReference section */
		0464627A1E39E63900C8817F /* OpenGL */ = {isa = PBXFileReference; explicitFileType = "compiled.mach-o.executable"; includeInIndex = 0; path = OpenGL; sourceTree = BUILT_PRODUCTS_DIR; };
		046462851E39E7A400C8817F /* OpenGL.framework */ = {isa = PBXFileReference; lastKnownFileType = wrapper.framework; name = OpenGL.framework; path = System/Library/Frameworks/OpenGL.framework; sourceTree = SDKROOT; };
		046462871E39E84A00C8817F /* libglfw.3.2.dylib */ = {isa = PBXFileReference; lastKnownFileType = "compiled.mach-o.dylib"; name = libglfw.3.2.dylib; path = ../../../../usr/local/Cellar/glfw/3.2.1/lib/libglfw.3.2.dylib; sourceTree = "<group>"; };
		046462891E39E85C00C8817F /* libGLEW.2.0.0.dylib */ = {isa = PBXFileReference; lastKnownFileType = "compiled.mach-o.dylib"; name = libGLEW.2.0.0.dylib; path = ../../../../usr/local/Cellar/glew/2.0.0/lib/libGLEW.2.0.0.dylib; sourceTree = "<group>"; };
		04C742881E39EF4500D6DD29 /* main.cpp */ = {isa = PBXFileReference; fileEncoding = 4; lastKnownFileType = sourcecode.cpp.cpp; path = main.cpp; sourceTree = "<group>"; };
		1A5761087A475EF1BD1A5565 /* ShaderBuilder.h */ = {isa = PBXFileReference; fileEncoding = 4; lastKnownFileType = sourcecode.c.h; path = ShaderBuilder.h; sourceTree = "<group>"; };
		1A57635BB0B9DDFDDB57C961 /* CubeRenderer.cpp */ = {isa = PBXFileReference; fileEncoding = 4; lastKnownFileType = sourcecode.cpp.cpp; path = CubeRenderer.cpp; sourceTree = "<group>"; };
		1A576558C4B13BEFF67FC0B1 /* Renderer.cpp */ = {isa = PBXFileReference; fileEncoding = 4; lastKnownFileType = sourcecode.cpp.cpp; path = Renderer.cpp; sourceTree = "<group>"; };
		1A5767892582B88C1F5D10F7 /* ShaderBuilder.cpp */ = {isa = PBXFileReference; fileEncoding = 4; lastKnownFileType = sourcecode.cpp.cpp; path = ShaderBuilder.cpp; sourceTree = "<group>"; };
		1A576AA39F1424D9C958289D /* Application.h */ = {isa = PBXFileReference; fileEncoding = 4; lastKnownFileType = sourcecode.c.h; path = Application.h; sourceTree = "<group>"; };
		1A576ABA214C14CD44B31621 /* CubeRenderer.h */ = {isa = PBXFileReference; fileEncoding = 4; lastKnownFileType = sourcecode.c.h; path = CubeRenderer.h; sourceTree = "<group>"; };
		1A576B0F182FBA8C48E573B6 /* Application.cpp */ = {isa = PBXFileReference; fileEncoding = 4; lastKnownFileType = sourcecode.cpp.cpp; path = Application.cpp; sourceTree = "<group>"; };
		1A576EC3681343B402F745A6 /* Renderer.h */ = {isa = PBXFileReference; fileEncoding = 4; lastKnownFileType = sourcecode.c.h; path = Renderer.h; sourceTree = "<group>"; };
/* End PBXFileReference section */

/* Begin PBXFrameworksBuildPhase section */
		046462771E39E63900C8817F /* Frameworks */ = {
			isa = PBXFrameworksBuildPhase;
			buildActionMask = 2147483647;
			files = (
				0464628A1E39E85C00C8817F /* libGLEW.2.0.0.dylib in Frameworks */,
				046462881E39E84A00C8817F /* libglfw.3.2.dylib in Frameworks */,
				046462861E39E7A400C8817F /* OpenGL.framework in Frameworks */,
			);
			runOnlyForDeploymentPostprocessing = 0;
		};
/* End PBXFrameworksBuildPhase section */

/* Begin PBXGroup section */
		046462711E39E63900C8817F = {
			isa = PBXGroup;
			children = (
				04C742871E39EF4500D6DD29 /* Sources */,
				0464627B1E39E63900C8817F /* Products */,
				046462841E39E7A400C8817F /* Frameworks */,
			);
			sourceTree = "<group>";
		};
		0464627B1E39E63900C8817F /* Products */ = {
			isa = PBXGroup;
			children = (
				0464627A1E39E63900C8817F /* OpenGL */,
			);
			name = Products;
			sourceTree = "<group>";
		};
		046462841E39E7A400C8817F /* Frameworks */ = {
			isa = PBXGroup;
			children = (
				046462891E39E85C00C8817F /* libGLEW.2.0.0.dylib */,
				046462871E39E84A00C8817F /* libglfw.3.2.dylib */,
				046462851E39E7A400C8817F /* OpenGL.framework */,
			);
			name = Frameworks;
			sourceTree = "<group>";
		};
		04C742871E39EF4500D6DD29 /* Sources */ = {
			isa = PBXGroup;
			children = (
				04C742881E39EF4500D6DD29 /* main.cpp */,
				1A576C23F14E8FD27AD065CF /* Application */,
				1A576B48220B82142CA5A644 /* Renderers */,
				1A576558DF7B53AE7FF8C681 /* Helpers */,
			);
			path = Sources;
			sourceTree = "<group>";
		};
		1A57636EA09CDC492E2846D2 /* Cube */ = {
			isa = PBXGroup;
			children = (
				1A57635BB0B9DDFDDB57C961 /* CubeRenderer.cpp */,
				1A576ABA214C14CD44B31621 /* CubeRenderer.h */,
			);
			path = Cube;
			sourceTree = "<group>";
		};
		1A576558DF7B53AE7FF8C681 /* Helpers */ = {
			isa = PBXGroup;
			children = (
				1A5767892582B88C1F5D10F7 /* ShaderBuilder.cpp */,
				1A5761087A475EF1BD1A5565 /* ShaderBuilder.h */,
			);
			path = Helpers;
			sourceTree = "<group>";
		};
		1A576B48220B82142CA5A644 /* Renderers */ = {
			isa = PBXGroup;
			children = (
				1A57636EA09CDC492E2846D2 /* Cube */,
				1A576BC7950A13A7BFFE8897 /* Base */,
			);
			path = Renderers;
			sourceTree = "<group>";
		};
		1A576BC7950A13A7BFFE8897 /* Base */ = {
			isa = PBXGroup;
			children = (
				1A576558C4B13BEFF67FC0B1 /* Renderer.cpp */,
				1A576EC3681343B402F745A6 /* Renderer.h */,
			);
			path = Base;
			sourceTree = "<group>";
		};
		1A576C23F14E8FD27AD065CF /* Application */ = {
			isa = PBXGroup;
			children = (
				1A576B0F182FBA8C48E573B6 /* Application.cpp */,
				1A576AA39F1424D9C958289D /* Application.h */,
			);
			path = Application;
			sourceTree = "<group>";
		};
/* End PBXGroup section */

/* Begin PBXNativeTarget section */
		046462791E39E63900C8817F /* OpenGL */ = {
			isa = PBXNativeTarget;
			buildConfigurationList = 046462811E39E63900C8817F /* Build configuration list for PBXNativeTarget "OpenGL" */;
			buildPhases = (
				046462761E39E63900C8817F /* Sources */,
				046462771E39E63900C8817F /* Frameworks */,
				046462781E39E63900C8817F /* CopyFiles */,
			);
			buildRules = (
			);
			dependencies = (
			);
			name = OpenGL;
			productName = OpenGL;
			productReference = 0464627A1E39E63900C8817F /* OpenGL */;
			productType = "com.apple.product-type.tool";
		};
/* End PBXNativeTarget section */

/* Begin PBXProject section */
		046462721E39E63900C8817F /* Project object */ = {
			isa = PBXProject;
			attributes = {
				LastUpgradeCheck = 0820;
				ORGANIZATIONNAME = "Mobile Capital";
				TargetAttributes = {
					046462791E39E63900C8817F = {
						CreatedOnToolsVersion = 8.2.1;
						ProvisioningStyle = Automatic;
					};
				};
			};
			buildConfigurationList = 046462751E39E63900C8817F /* Build configuration list for PBXProject "OpenGL" */;
			compatibilityVersion = "Xcode 3.2";
			developmentRegion = English;
			hasScannedForEncodings = 0;
			knownRegions = (
				en,
			);
			mainGroup = 046462711E39E63900C8817F;
			productRefGroup = 0464627B1E39E63900C8817F /* Products */;
			projectDirPath = "";
			projectRoot = "";
			targets = (
				046462791E39E63900C8817F /* OpenGL */,
			);
		};
/* End PBXProject section */

/* Begin PBXSourcesBuildPhase section */
		046462761E39E63900C8817F /* Sources */ = {
			isa = PBXSourcesBuildPhase;
			buildActionMask = 2147483647;
			files = (
				04C742891E39EF4500D6DD29 /* main.cpp in Sources */,
				1A5765F947B52A35B9B8A92D /* Application.cpp in Sources */,
				1A576E5537B93321BCA5BB03 /* CubeRenderer.cpp in Sources */,
				1A576E08AB8A30EC02D01A1B /* Renderer.cpp in Sources */,
				1A576EE4106ACBD85E890216 /* ShaderBuilder.cpp in Sources */,
			);
			runOnlyForDeploymentPostprocessing = 0;
		};
/* End PBXSourcesBuildPhase section */

/* Begin XCBuildConfiguration section */
		0464627F1E39E63900C8817F /* Debug */ = {
			isa = XCBuildConfiguration;
			buildSettings = {
				ALWAYS_SEARCH_USER_PATHS = NO;
				CLANG_ANALYZER_NONNULL = YES;
				CLANG_CXX_LANGUAGE_STANDARD = "gnu++0x";
				CLANG_CXX_LIBRARY = "libc++";
				CLANG_ENABLE_MODULES = YES;
				CLANG_ENABLE_OBJC_ARC = YES;
				CLANG_WARN_BOOL_CONVERSION = YES;
				CLANG_WARN_CONSTANT_CONVERSION = YES;
				CLANG_WARN_DIRECT_OBJC_ISA_USAGE = YES_ERROR;
				CLANG_WARN_DOCUMENTATION_COMMENTS = YES;
				CLANG_WARN_EMPTY_BODY = YES;
				CLANG_WARN_ENUM_CONVERSION = YES;
				CLANG_WARN_INFINITE_RECURSION = YES;
				CLANG_WARN_INT_CONVERSION = YES;
				CLANG_WARN_OBJC_ROOT_CLASS = YES_ERROR;
				CLANG_WARN_SUSPICIOUS_MOVE = YES;
				CLANG_WARN_UNREACHABLE_CODE = YES;
				CLANG_WARN__DUPLICATE_METHOD_MATCH = YES;
				CODE_SIGN_IDENTITY = "-";
				COPY_PHASE_STRIP = NO;
				DEBUG_INFORMATION_FORMAT = dwarf;
				ENABLE_STRICT_OBJC_MSGSEND = YES;
				ENABLE_TESTABILITY = YES;
				GCC_C_LANGUAGE_STANDARD = gnu99;
				GCC_DYNAMIC_NO_PIC = NO;
				GCC_NO_COMMON_BLOCKS = YES;
				GCC_OPTIMIZATION_LEVEL = 0;
				GCC_PREPROCESSOR_DEFINITIONS = (
					"DEBUG=1",
					"$(inherited)",
				);
				GCC_WARN_64_TO_32_BIT_CONVERSION = YES;
				GCC_WARN_ABOUT_RETURN_TYPE = YES_ERROR;
				GCC_WARN_UNDECLARED_SELECTOR = YES;
				GCC_WARN_UNINITIALIZED_AUTOS = YES_AGGRESSIVE;
				GCC_WARN_UNUSED_FUNCTION = YES;
				GCC_WARN_UNUSED_VARIABLE = YES;
				MACOSX_DEPLOYMENT_TARGET = 10.12;
				MTL_ENABLE_DEBUG_INFO = YES;
				ONLY_ACTIVE_ARCH = YES;
				SDKROOT = macosx;
			};
			name = Debug;
		};
		046462801E39E63900C8817F /* Release */ = {
			isa = XCBuildConfiguration;
			buildSettings = {
				ALWAYS_SEARCH_USER_PATHS = NO;
				CLANG_ANALYZER_NONNULL = YES;
				CLANG_CXX_LANGUAGE_STANDARD = "gnu++0x";
				CLANG_CXX_LIBRARY = "libc++";
				CLANG_ENABLE_MODULES = YES;
				CLANG_ENABLE_OBJC_ARC = YES;
				CLANG_WARN_BOOL_CONVERSION = YES;
				CLANG_WARN_CONSTANT_CONVERSION = YES;
				CLANG_WARN_DIRECT_OBJC_ISA_USAGE = YES_ERROR;
				CLANG_WARN_DOCUMENTATION_COMMENTS = YES;
				CLANG_WARN_EMPTY_BODY = YES;
				CLANG_WARN_ENUM_CONVERSION = YES;
				CLANG_WARN_INFINITE_RECURSION = YES;
				CLANG_WARN_INT_CONVERSION = YES;
				CLANG_WARN_OBJC_ROOT_CLASS = YES_ERROR;
				CLANG_WARN_SUSPICIOUS_MOVE = YES;
				CLANG_WARN_UNREACHABLE_CODE = YES;
				CLANG_WARN__DUPLICATE_METHOD_MATCH = YES;
				CODE_SIGN_IDENTITY = "-";
				COPY_PHASE_STRIP = NO;
				DEBUG_INFORMATION_FORMAT = "dwarf-with-dsym";
				ENABLE_NS_ASSERTIONS = NO;
				ENABLE_STRICT_OBJC_MSGSEND = YES;
				GCC_C_LANGUAGE_STANDARD = gnu99;
				GCC_NO_COMMON_BLOCKS = YES;
				GCC_WARN_64_TO_32_BIT_CONVERSION = YES;
				GCC_WARN_ABOUT_RETURN_TYPE = YES_ERROR;
				GCC_WARN_UNDECLARED_SELECTOR = YES;
				GCC_WARN_UNINITIALIZED_AUTOS = YES_AGGRESSIVE;
				GCC_WARN_UNUSED_FUNCTION = YES;
				GCC_WARN_UNUSED_VARIABLE = YES;
				MACOSX_DEPLOYMENT_TARGET = 10.12;
				MTL_ENABLE_DEBUG_INFO = NO;
				SDKROOT = macosx;
			};
			name = Release;
		};
		046462821E39E63900C8817F /* Debug */ = {
			isa = XCBuildConfiguration;
			buildSettings = {
				HEADER_SEARCH_PATHS = /usr/local/include;
				LIBRARY_SEARCH_PATHS = (
					"$(inherited)",
					/usr/local/Cellar/glfw/3.2.1/lib,
					/usr/local/Cellar/glew/2.0.0/lib,
				);
				PRODUCT_NAME = "$(TARGET_NAME)";
			};
			name = Debug;
		};
		046462831E39E63900C8817F /* Release */ = {
			isa = XCBuildConfiguration;
			buildSettings = {
				HEADER_SEARCH_PATHS = /usr/local/include;
				LIBRARY_SEARCH_PATHS = (
					"$(inherited)",
					/usr/local/Cellar/glfw/3.2.1/lib,
					/usr/local/Cellar/glew/2.0.0/lib,
				);
				PRODUCT_NAME = "$(TARGET_NAME)";
			};
			name = Release;
		};
/* End XCBuildConfiguration section */

/* Begin XCConfigurationList section */
		046462751E39E63900C8817F /* Build configuration list for PBXProject "OpenGL" */ = {
			isa = XCConfigurationList;
			buildConfigurations = (
				0464627F1E39E63900C8817F /* Debug */,
				046462801E39E63900C8817F /* Release */,
			);
			defaultConfigurationIsVisible = 0;
			defaultConfigurationName = Release;
		};
		046462811E39E63900C8817F /* Build configuration list for PBXNativeTarget "OpenGL" */ = {
			isa = XCConfigurationList;
			buildConfigurations = (
				046462821E39E63900C8817F /* Debug */,
				046462831E39E63900C8817F /* Release */,
			);
			defaultConfigurationIsVisible = 0;
			defaultConfigurationName = Release;
		};
/* End XCConfigurationList section */
	};
	rootObject = 046462721E39E63900C8817F /* Project object */;
}
